// !$*UTF8*$!
{
	archiveVersion = 1;
	classes = {
	};
	objectVersion = 56;
	objects = {

/* Begin PBXBuildFile section */
		911199132971BBCD00F3C329 /* RadioView.swift in Sources */ = {isa = PBXBuildFile; fileRef = 911199122971BBCC00F3C329 /* RadioView.swift */; };
		911199172971C5AC00F3C329 /* FeaturedStationView.swift in Sources */ = {isa = PBXBuildFile; fileRef = 911199162971C5AC00F3C329 /* FeaturedStationView.swift */; };
		9111991B2971DEB600F3C329 /* RecentlyPlayedView.swift in Sources */ = {isa = PBXBuildFile; fileRef = 9111991A2971DEB600F3C329 /* RecentlyPlayedView.swift */; };
		9111991F2971DF1500F3C329 /* FeaturedStationsModel.swift in Sources */ = {isa = PBXBuildFile; fileRef = 9111991E2971DF1500F3C329 /* FeaturedStationsModel.swift */; };
		911199222971DF8400F3C329 /* RecentlyPlayedModel.swift in Sources */ = {isa = PBXBuildFile; fileRef = 911199212971DF8400F3C329 /* RecentlyPlayedModel.swift */; };
		911199282971E33C00F3C329 /* HostedByArtistsModel.swift in Sources */ = {isa = PBXBuildFile; fileRef = 911199272971E33C00F3C329 /* HostedByArtistsModel.swift */; };
		9111992A2971E40F00F3C329 /* HostedByArtistsView.swift in Sources */ = {isa = PBXBuildFile; fileRef = 911199292971E40F00F3C329 /* HostedByArtistsView.swift */; };
		9111992D2971EF8900F3C329 /* BlurView.swift in Sources */ = {isa = PBXBuildFile; fileRef = 9111992C2971EF8900F3C329 /* BlurView.swift */; };
		913CAB25297447A3007E8CE7 /* SearchResultsView.swift in Sources */ = {isa = PBXBuildFile; fileRef = 913CAB24297447A3007E8CE7 /* SearchResultsView.swift */; };
		913CAB2A297448A3007E8CE7 /* TrackListModel.swift in Sources */ = {isa = PBXBuildFile; fileRef = 913CAB29297448A3007E8CE7 /* TrackListModel.swift */; };
		913CAB2C29744981007E8CE7 /* TrackListObservableModel.swift in Sources */ = {isa = PBXBuildFile; fileRef = 913CAB2B29744981007E8CE7 /* TrackListObservableModel.swift */; };
		913CAB2E29744B4E007E8CE7 /* MyLibraryView.swift in Sources */ = {isa = PBXBuildFile; fileRef = 913CAB2D29744B4E007E8CE7 /* MyLibraryView.swift */; };
		913CAB3129744B80007E8CE7 /* AppleMusicLibraryView.swift in Sources */ = {isa = PBXBuildFile; fileRef = 913CAB3029744B80007E8CE7 /* AppleMusicLibraryView.swift */; };
		913CAB3329744D48007E8CE7 /* SeachResultItemView.swift in Sources */ = {isa = PBXBuildFile; fileRef = 913CAB3229744D48007E8CE7 /* SeachResultItemView.swift */; };
		91C5FC0F29743D4A00629EC0 /* DetailCategoriesView.swift in Sources */ = {isa = PBXBuildFile; fileRef = 91C5FC0E29743D4A00629EC0 /* DetailCategoriesView.swift */; };
		91C80610297343F1002E919D /* SearchView.swift in Sources */ = {isa = PBXBuildFile; fileRef = 91C8060F297343F1002E919D /* SearchView.swift */; };
		91C8061229734521002E919D /* SearchBarView.swift in Sources */ = {isa = PBXBuildFile; fileRef = 91C8061129734521002E919D /* SearchBarView.swift */; };
		91C8061629736004002E919D /* CategoriesModel.swift in Sources */ = {isa = PBXBuildFile; fileRef = 91C8061529736004002E919D /* CategoriesModel.swift */; };
		91C8061929736026002E919D /* CategoriesView.swift in Sources */ = {isa = PBXBuildFile; fileRef = 91C8061829736026002E919D /* CategoriesView.swift */; };
		91E577D5296C9A7300CB4B2F /* AppleMusic_SwiftUIApp.swift in Sources */ = {isa = PBXBuildFile; fileRef = 91E577D4296C9A7300CB4B2F /* AppleMusic_SwiftUIApp.swift */; };
		91E577D7296C9A7300CB4B2F /* ContentView.swift in Sources */ = {isa = PBXBuildFile; fileRef = 91E577D6296C9A7300CB4B2F /* ContentView.swift */; };
		91E577D9296C9AB200CB4B2F /* Assets.xcassets in Resources */ = {isa = PBXBuildFile; fileRef = 91E577D8296C9AB200CB4B2F /* Assets.xcassets */; };
		91E577DC296C9AB300CB4B2F /* Preview Assets.xcassets in Resources */ = {isa = PBXBuildFile; fileRef = 91E577DB296C9AB300CB4B2F /* Preview Assets.xcassets */; };
		91E577E7296F09D900CB4B2F /* TabBar.swift in Sources */ = {isa = PBXBuildFile; fileRef = 91E577E6296F09D800CB4B2F /* TabBar.swift */; };
		91E577E9296F0E7200CB4B2F /* LibraryView.swift in Sources */ = {isa = PBXBuildFile; fileRef = 91E577E8296F0E7200CB4B2F /* LibraryView.swift */; };
		91E577EB296F10BC00CB4B2F /* CurrentTrackView.swift in Sources */ = {isa = PBXBuildFile; fileRef = 91E577EA296F10BC00CB4B2F /* CurrentTrackView.swift */; };
		91E577ED296F190100CB4B2F /* CheckListView.swift in Sources */ = {isa = PBXBuildFile; fileRef = 91E577EC296F190100CB4B2F /* CheckListView.swift */; };
		91E577EF296F3B4900CB4B2F /* SettingsModel.swift in Sources */ = {isa = PBXBuildFile; fileRef = 91E577EE296F3B4800CB4B2F /* SettingsModel.swift */; };
		91E577F3296F4BC900CB4B2F /* CheckListitemView.swift in Sources */ = {isa = PBXBuildFile; fileRef = 91E577F2296F4BC900CB4B2F /* CheckListitemView.swift */; };
		91E577F5296F502600CB4B2F /* LibraryViewLabel.swift in Sources */ = {isa = PBXBuildFile; fileRef = 91E577F4296F502500CB4B2F /* LibraryViewLabel.swift */; };
/* End PBXBuildFile section */

/* Begin PBXFileReference section */
		911199122971BBCC00F3C329 /* RadioView.swift */ = {isa = PBXFileReference; lastKnownFileType = sourcecode.swift; path = RadioView.swift; sourceTree = "<group>"; };
		911199162971C5AC00F3C329 /* FeaturedStationView.swift */ = {isa = PBXFileReference; lastKnownFileType = sourcecode.swift; path = FeaturedStationView.swift; sourceTree = "<group>"; };
		9111991A2971DEB600F3C329 /* RecentlyPlayedView.swift */ = {isa = PBXFileReference; lastKnownFileType = sourcecode.swift; path = RecentlyPlayedView.swift; sourceTree = "<group>"; };
		9111991E2971DF1500F3C329 /* FeaturedStationsModel.swift */ = {isa = PBXFileReference; lastKnownFileType = sourcecode.swift; path = FeaturedStationsModel.swift; sourceTree = "<group>"; };
		911199212971DF8400F3C329 /* RecentlyPlayedModel.swift */ = {isa = PBXFileReference; lastKnownFileType = sourcecode.swift; path = RecentlyPlayedModel.swift; sourceTree = "<group>"; };
		911199272971E33C00F3C329 /* HostedByArtistsModel.swift */ = {isa = PBXFileReference; lastKnownFileType = sourcecode.swift; path = HostedByArtistsModel.swift; sourceTree = "<group>"; };
		911199292971E40F00F3C329 /* HostedByArtistsView.swift */ = {isa = PBXFileReference; lastKnownFileType = sourcecode.swift; path = HostedByArtistsView.swift; sourceTree = "<group>"; };
		9111992C2971EF8900F3C329 /* BlurView.swift */ = {isa = PBXFileReference; lastKnownFileType = sourcecode.swift; path = BlurView.swift; sourceTree = "<group>"; };
		913CAB24297447A3007E8CE7 /* SearchResultsView.swift */ = {isa = PBXFileReference; lastKnownFileType = sourcecode.swift; path = SearchResultsView.swift; sourceTree = "<group>"; };
		913CAB29297448A3007E8CE7 /* TrackListModel.swift */ = {isa = PBXFileReference; lastKnownFileType = sourcecode.swift; path = TrackListModel.swift; sourceTree = "<group>"; };
		913CAB2B29744981007E8CE7 /* TrackListObservableModel.swift */ = {isa = PBXFileReference; lastKnownFileType = sourcecode.swift; path = TrackListObservableModel.swift; sourceTree = "<group>"; };
		913CAB2D29744B4E007E8CE7 /* MyLibraryView.swift */ = {isa = PBXFileReference; lastKnownFileType = sourcecode.swift; path = MyLibraryView.swift; sourceTree = "<group>"; };
		913CAB3029744B80007E8CE7 /* AppleMusicLibraryView.swift */ = {isa = PBXFileReference; lastKnownFileType = sourcecode.swift; path = AppleMusicLibraryView.swift; sourceTree = "<group>"; };
		913CAB3229744D48007E8CE7 /* SeachResultItemView.swift */ = {isa = PBXFileReference; lastKnownFileType = sourcecode.swift; path = SeachResultItemView.swift; sourceTree = "<group>"; };
		91C5FC0E29743D4A00629EC0 /* DetailCategoriesView.swift */ = {isa = PBXFileReference; lastKnownFileType = sourcecode.swift; path = DetailCategoriesView.swift; sourceTree = "<group>"; };
		91C8060F297343F1002E919D /* SearchView.swift */ = {isa = PBXFileReference; lastKnownFileType = sourcecode.swift; path = SearchView.swift; sourceTree = "<group>"; };
		91C8061129734521002E919D /* SearchBarView.swift */ = {isa = PBXFileReference; lastKnownFileType = sourcecode.swift; path = SearchBarView.swift; sourceTree = "<group>"; };
		91C8061529736004002E919D /* CategoriesModel.swift */ = {isa = PBXFileReference; lastKnownFileType = sourcecode.swift; path = CategoriesModel.swift; sourceTree = "<group>"; };
		91C8061829736026002E919D /* CategoriesView.swift */ = {isa = PBXFileReference; lastKnownFileType = sourcecode.swift; path = CategoriesView.swift; sourceTree = "<group>"; };
		91E577D1296C9A7300CB4B2F /* AppleMusic_SwiftUI.app */ = {isa = PBXFileReference; explicitFileType = wrapper.application; includeInIndex = 0; path = AppleMusic_SwiftUI.app; sourceTree = BUILT_PRODUCTS_DIR; };
		91E577D4296C9A7300CB4B2F /* AppleMusic_SwiftUIApp.swift */ = {isa = PBXFileReference; lastKnownFileType = sourcecode.swift; path = AppleMusic_SwiftUIApp.swift; sourceTree = "<group>"; };
		91E577D6296C9A7300CB4B2F /* ContentView.swift */ = {isa = PBXFileReference; lastKnownFileType = sourcecode.swift; path = ContentView.swift; sourceTree = "<group>"; };
		91E577D8296C9AB200CB4B2F /* Assets.xcassets */ = {isa = PBXFileReference; lastKnownFileType = folder.assetcatalog; path = Assets.xcassets; sourceTree = "<group>"; };
		91E577DB296C9AB300CB4B2F /* Preview Assets.xcassets */ = {isa = PBXFileReference; lastKnownFileType = folder.assetcatalog; path = "Preview Assets.xcassets"; sourceTree = "<group>"; };
		91E577E6296F09D800CB4B2F /* TabBar.swift */ = {isa = PBXFileReference; lastKnownFileType = sourcecode.swift; path = TabBar.swift; sourceTree = "<group>"; };
		91E577E8296F0E7200CB4B2F /* LibraryView.swift */ = {isa = PBXFileReference; lastKnownFileType = sourcecode.swift; path = LibraryView.swift; sourceTree = "<group>"; };
		91E577EA296F10BC00CB4B2F /* CurrentTrackView.swift */ = {isa = PBXFileReference; lastKnownFileType = sourcecode.swift; path = CurrentTrackView.swift; sourceTree = "<group>"; };
		91E577EC296F190100CB4B2F /* CheckListView.swift */ = {isa = PBXFileReference; lastKnownFileType = sourcecode.swift; path = CheckListView.swift; sourceTree = "<group>"; };
		91E577EE296F3B4800CB4B2F /* SettingsModel.swift */ = {isa = PBXFileReference; lastKnownFileType = sourcecode.swift; path = SettingsModel.swift; sourceTree = "<group>"; };
		91E577F2296F4BC900CB4B2F /* CheckListitemView.swift */ = {isa = PBXFileReference; lastKnownFileType = sourcecode.swift; path = CheckListitemView.swift; sourceTree = "<group>"; };
		91E577F4296F502500CB4B2F /* LibraryViewLabel.swift */ = {isa = PBXFileReference; lastKnownFileType = sourcecode.swift; path = LibraryViewLabel.swift; sourceTree = "<group>"; };
/* End PBXFileReference section */

/* Begin PBXFrameworksBuildPhase section */
		91E577CE296C9A7300CB4B2F /* Frameworks */ = {
			isa = PBXFrameworksBuildPhase;
			buildActionMask = 2147483647;
			files = (
			);
			runOnlyForDeploymentPostprocessing = 0;
		};
/* End PBXFrameworksBuildPhase section */

/* Begin PBXGroup section */
		911199182971D93400F3C329 /* FeaturedStations */ = {
			isa = PBXGroup;
			children = (
				9111992B2971E43700F3C329 /* View */,
				9111991D2971DEFD00F3C329 /* Model */,
			);
			path = FeaturedStations;
			sourceTree = "<group>";
		};
		911199192971DEA100F3C329 /* RecentlyPlayed */ = {
			isa = PBXGroup;
			children = (
				911199202971DF7500F3C329 /* Model */,
				9111991A2971DEB600F3C329 /* RecentlyPlayedView.swift */,
			);
			path = RecentlyPlayed;
			sourceTree = "<group>";
		};
		9111991C2971DEDA00F3C329 /* Model */ = {
			isa = PBXGroup;
			children = (
				91E577EE296F3B4800CB4B2F /* SettingsModel.swift */,
			);
			path = Model;
			sourceTree = "<group>";
		};
		9111991D2971DEFD00F3C329 /* Model */ = {
			isa = PBXGroup;
			children = (
				9111991E2971DF1500F3C329 /* FeaturedStationsModel.swift */,
			);
			path = Model;
			sourceTree = "<group>";
		};
		911199202971DF7500F3C329 /* Model */ = {
			isa = PBXGroup;
			children = (
				911199212971DF8400F3C329 /* RecentlyPlayedModel.swift */,
			);
			path = Model;
			sourceTree = "<group>";
		};
		911199232971E30E00F3C329 /* HostedByArtists */ = {
			isa = PBXGroup;
			children = (
				911199252971E32700F3C329 /* View */,
				911199242971E31800F3C329 /* Model */,
			);
			path = HostedByArtists;
			sourceTree = "<group>";
		};
		911199242971E31800F3C329 /* Model */ = {
			isa = PBXGroup;
			children = (
				911199272971E33C00F3C329 /* HostedByArtistsModel.swift */,
			);
			path = Model;
			sourceTree = "<group>";
		};
		911199252971E32700F3C329 /* View */ = {
			isa = PBXGroup;
			children = (
				911199292971E40F00F3C329 /* HostedByArtistsView.swift */,
			);
			path = View;
			sourceTree = "<group>";
		};
		9111992B2971E43700F3C329 /* View */ = {
			isa = PBXGroup;
			children = (
				911199162971C5AC00F3C329 /* FeaturedStationView.swift */,
			);
			path = View;
			sourceTree = "<group>";
		};
		913CAB2629744868007E8CE7 /* SearchResults */ = {
			isa = PBXGroup;
			children = (
				913CAB2829744878007E8CE7 /* Model */,
				913CAB2729744873007E8CE7 /* View */,
			);
			path = SearchResults;
			sourceTree = "<group>";
		};
		913CAB2729744873007E8CE7 /* View */ = {
			isa = PBXGroup;
			children = (
				913CAB24297447A3007E8CE7 /* SearchResultsView.swift */,
				913CAB2D29744B4E007E8CE7 /* MyLibraryView.swift */,
				913CAB3029744B80007E8CE7 /* AppleMusicLibraryView.swift */,
				913CAB3229744D48007E8CE7 /* SeachResultItemView.swift */,
			);
			path = View;
			sourceTree = "<group>";
		};
		913CAB2829744878007E8CE7 /* Model */ = {
			isa = PBXGroup;
			children = (
				913CAB29297448A3007E8CE7 /* TrackListModel.swift */,
				913CAB2B29744981007E8CE7 /* TrackListObservableModel.swift */,
			);
			path = Model;
			sourceTree = "<group>";
		};
		91C8061329734CB4002E919D /* CategoriesView */ = {
			isa = PBXGroup;
			children = (
				91C806172973601B002E919D /* View */,
				91C8061429734CC3002E919D /* Model */,
			);
			path = CategoriesView;
			sourceTree = "<group>";
		};
		91C8061429734CC3002E919D /* Model */ = {
			isa = PBXGroup;
			children = (
				91C8061529736004002E919D /* CategoriesModel.swift */,
			);
			path = Model;
			sourceTree = "<group>";
		};
		91C806172973601B002E919D /* View */ = {
			isa = PBXGroup;
			children = (
				91C8061829736026002E919D /* CategoriesView.swift */,
			);
			path = View;
			sourceTree = "<group>";
		};
		91C8061C297367E0002E919D /* DetailCategoriesView */ = {
			isa = PBXGroup;
			children = (
				91C5FC0E29743D4A00629EC0 /* DetailCategoriesView.swift */,
			);
			path = DetailCategoriesView;
			sourceTree = "<group>";
		};
		91E577C8296C9A7200CB4B2F = {
			isa = PBXGroup;
			children = (
				91E577D3296C9A7300CB4B2F /* AppleMusic_SwiftUI */,
				91E577D2296C9A7300CB4B2F /* Products */,
			);
			sourceTree = "<group>";
		};
		91E577D2296C9A7300CB4B2F /* Products */ = {
			isa = PBXGroup;
			children = (
				91E577D1296C9A7300CB4B2F /* AppleMusic_SwiftUI.app */,
			);
			name = Products;
			sourceTree = "<group>";
		};
		91E577D3296C9A7300CB4B2F /* AppleMusic_SwiftUI */ = {
			isa = PBXGroup;
			children = (
				91E577E2296EF41D00CB4B2F /* App */,
				91E577F1296F43A700CB4B2F /* TabBar */,
				91E577E3296EF43D00CB4B2F /* Views */,
				91E577D8296C9AB200CB4B2F /* Assets.xcassets */,
				91E577DA296C9AB300CB4B2F /* Preview Content */,
			);
			path = AppleMusic_SwiftUI;
			sourceTree = "<group>";
		};
		91E577DA296C9AB300CB4B2F /* Preview Content */ = {
			isa = PBXGroup;
			children = (
				91E577DB296C9AB300CB4B2F /* Preview Assets.xcassets */,
			);
			path = "Preview Content";
			sourceTree = "<group>";
		};
		91E577E2296EF41D00CB4B2F /* App */ = {
			isa = PBXGroup;
			children = (
				91E577D4296C9A7300CB4B2F /* AppleMusic_SwiftUIApp.swift */,
			);
			path = App;
			sourceTree = "<group>";
		};
		91E577E3296EF43D00CB4B2F /* Views */ = {
			isa = PBXGroup;
			children = (
				91E577D6296C9A7300CB4B2F /* ContentView.swift */,
				9111992C2971EF8900F3C329 /* BlurView.swift */,
				91E577EA296F10BC00CB4B2F /* CurrentTrackView.swift */,
				91E577E4296EF44500CB4B2F /* Modules */,
			);
			path = Views;
			sourceTree = "<group>";
		};
		91E577E4296EF44500CB4B2F /* Modules */ = {
			isa = PBXGroup;
			children = (
				91E577F0296F436C00CB4B2F /* Library */,
				91E577F6296F513200CB4B2F /* Radio */,
				91E577F7296F513700CB4B2F /* Search */,
			);
			path = Modules;
			sourceTree = "<group>";
		};
		91E577F0296F436C00CB4B2F /* Library */ = {
			isa = PBXGroup;
			children = (
				9111991C2971DEDA00F3C329 /* Model */,
				91E577F8296F516700CB4B2F /* LibraryViews */,
				91E577F9296F517E00CB4B2F /* EditViews */,
			);
			path = Library;
			sourceTree = "<group>";
		};
		91E577F1296F43A700CB4B2F /* TabBar */ = {
			isa = PBXGroup;
			children = (
				91E577E6296F09D800CB4B2F /* TabBar.swift */,
			);
			path = TabBar;
			sourceTree = "<group>";
		};
		91E577F6296F513200CB4B2F /* Radio */ = {
			isa = PBXGroup;
			children = (
				911199122971BBCC00F3C329 /* RadioView.swift */,
				911199182971D93400F3C329 /* FeaturedStations */,
				911199232971E30E00F3C329 /* HostedByArtists */,
				911199192971DEA100F3C329 /* RecentlyPlayed */,
			);
			path = Radio;
			sourceTree = "<group>";
		};
		91E577F7296F513700CB4B2F /* Search */ = {
			isa = PBXGroup;
			children = (
				91C8060F297343F1002E919D /* SearchView.swift */,
				91C8061129734521002E919D /* SearchBarView.swift */,
				913CAB2629744868007E8CE7 /* SearchResults */,
				91C8061329734CB4002E919D /* CategoriesView */,
				91C8061C297367E0002E919D /* DetailCategoriesView */,
			);
			path = Search;
			sourceTree = "<group>";
		};
		91E577F8296F516700CB4B2F /* LibraryViews */ = {
			isa = PBXGroup;
			children = (
				91E577E8296F0E7200CB4B2F /* LibraryView.swift */,
				91E577F4296F502500CB4B2F /* LibraryViewLabel.swift */,
			);
			path = LibraryViews;
			sourceTree = "<group>";
		};
		91E577F9296F517E00CB4B2F /* EditViews */ = {
			isa = PBXGroup;
			children = (
				91E577F2296F4BC900CB4B2F /* CheckListitemView.swift */,
				91E577EC296F190100CB4B2F /* CheckListView.swift */,
			);
			path = EditViews;
			sourceTree = "<group>";
		};
/* End PBXGroup section */

/* Begin PBXNativeTarget section */
		91E577D0296C9A7300CB4B2F /* AppleMusic_SwiftUI */ = {
			isa = PBXNativeTarget;
			buildConfigurationList = 91E577DF296C9AB300CB4B2F /* Build configuration list for PBXNativeTarget "AppleMusic_SwiftUI" */;
			buildPhases = (
				91E577CD296C9A7300CB4B2F /* Sources */,
				91E577CE296C9A7300CB4B2F /* Frameworks */,
				91E577CF296C9A7300CB4B2F /* Resources */,
			);
			buildRules = (
			);
			dependencies = (
			);
			name = AppleMusic_SwiftUI;
			productName = AppleMusic_SwiftUI;
			productReference = 91E577D1296C9A7300CB4B2F /* AppleMusic_SwiftUI.app */;
			productType = "com.apple.product-type.application";
		};
/* End PBXNativeTarget section */

/* Begin PBXProject section */
		91E577C9296C9A7200CB4B2F /* Project object */ = {
			isa = PBXProject;
			attributes = {
				BuildIndependentTargetsInParallel = 1;
				LastSwiftUpdateCheck = 1410;
				LastUpgradeCheck = 1410;
				TargetAttributes = {
					91E577D0296C9A7300CB4B2F = {
						CreatedOnToolsVersion = 14.1;
					};
				};
			};
			buildConfigurationList = 91E577CC296C9A7200CB4B2F /* Build configuration list for PBXProject "AppleMusic_SwiftUI" */;
			compatibilityVersion = "Xcode 14.0";
			developmentRegion = en;
			hasScannedForEncodings = 0;
			knownRegions = (
				en,
				Base,
			);
			mainGroup = 91E577C8296C9A7200CB4B2F;
			productRefGroup = 91E577D2296C9A7300CB4B2F /* Products */;
			projectDirPath = "";
			projectRoot = "";
			targets = (
				91E577D0296C9A7300CB4B2F /* AppleMusic_SwiftUI */,
			);
		};
/* End PBXProject section */

/* Begin PBXResourcesBuildPhase section */
		91E577CF296C9A7300CB4B2F /* Resources */ = {
			isa = PBXResourcesBuildPhase;
			buildActionMask = 2147483647;
			files = (
				91E577DC296C9AB300CB4B2F /* Preview Assets.xcassets in Resources */,
				91E577D9296C9AB200CB4B2F /* Assets.xcassets in Resources */,
			);
			runOnlyForDeploymentPostprocessing = 0;
		};
/* End PBXResourcesBuildPhase section */

/* Begin PBXSourcesBuildPhase section */
		91E577CD296C9A7300CB4B2F /* Sources */ = {
			isa = PBXSourcesBuildPhase;
			buildActionMask = 2147483647;
			files = (
				91E577F5296F502600CB4B2F /* LibraryViewLabel.swift in Sources */,
				91C5FC0F29743D4A00629EC0 /* DetailCategoriesView.swift in Sources */,
				91E577EB296F10BC00CB4B2F /* CurrentTrackView.swift in Sources */,
				913CAB2C29744981007E8CE7 /* TrackListObservableModel.swift in Sources */,
				91E577E9296F0E7200CB4B2F /* LibraryView.swift in Sources */,
				9111991B2971DEB600F3C329 /* RecentlyPlayedView.swift in Sources */,
				91E577D7296C9A7300CB4B2F /* ContentView.swift in Sources */,
				911199132971BBCD00F3C329 /* RadioView.swift in Sources */,
				911199282971E33C00F3C329 /* HostedByArtistsModel.swift in Sources */,
				91E577E7296F09D900CB4B2F /* TabBar.swift in Sources */,
				913CAB2A297448A3007E8CE7 /* TrackListModel.swift in Sources */,
				91C8061929736026002E919D /* CategoriesView.swift in Sources */,
				913CAB2E29744B4E007E8CE7 /* MyLibraryView.swift in Sources */,
				91E577D5296C9A7300CB4B2F /* AppleMusic_SwiftUIApp.swift in Sources */,
				91E577EF296F3B4900CB4B2F /* SettingsModel.swift in Sources */,
				91C80610297343F1002E919D /* SearchView.swift in Sources */,
				913CAB25297447A3007E8CE7 /* SearchResultsView.swift in Sources */,
				911199172971C5AC00F3C329 /* FeaturedStationView.swift in Sources */,
				913CAB3129744B80007E8CE7 /* AppleMusicLibraryView.swift in Sources */,
				91C8061229734521002E919D /* SearchBarView.swift in Sources */,
				9111992A2971E40F00F3C329 /* HostedByArtistsView.swift in Sources */,
				911199222971DF8400F3C329 /* RecentlyPlayedModel.swift in Sources */,
				91C8061629736004002E919D /* CategoriesModel.swift in Sources */,
				9111992D2971EF8900F3C329 /* BlurView.swift in Sources */,
				91E577F3296F4BC900CB4B2F /* CheckListitemView.swift in Sources */,
				913CAB3329744D48007E8CE7 /* SeachResultItemView.swift in Sources */,
				9111991F2971DF1500F3C329 /* FeaturedStationsModel.swift in Sources */,
				91E577ED296F190100CB4B2F /* CheckListView.swift in Sources */,
			);
			runOnlyForDeploymentPostprocessing = 0;
		};
/* End PBXSourcesBuildPhase section */

/* Begin XCBuildConfiguration section */
		91E577DD296C9AB300CB4B2F /* Debug */ = {
			isa = XCBuildConfiguration;
			buildSettings = {
				ALWAYS_SEARCH_USER_PATHS = NO;
				CLANG_ANALYZER_NONNULL = YES;
				CLANG_ANALYZER_NUMBER_OBJECT_CONVERSION = YES_AGGRESSIVE;
				CLANG_CXX_LANGUAGE_STANDARD = "gnu++20";
				CLANG_ENABLE_MODULES = YES;
				CLANG_ENABLE_OBJC_ARC = YES;
				CLANG_ENABLE_OBJC_WEAK = YES;
				CLANG_WARN_BLOCK_CAPTURE_AUTORELEASING = YES;
				CLANG_WARN_BOOL_CONVERSION = YES;
				CLANG_WARN_COMMA = YES;
				CLANG_WARN_CONSTANT_CONVERSION = YES;
				CLANG_WARN_DEPRECATED_OBJC_IMPLEMENTATIONS = YES;
				CLANG_WARN_DIRECT_OBJC_ISA_USAGE = YES_ERROR;
				CLANG_WARN_DOCUMENTATION_COMMENTS = YES;
				CLANG_WARN_EMPTY_BODY = YES;
				CLANG_WARN_ENUM_CONVERSION = YES;
				CLANG_WARN_INFINITE_RECURSION = YES;
				CLANG_WARN_INT_CONVERSION = YES;
				CLANG_WARN_NON_LITERAL_NULL_CONVERSION = YES;
				CLANG_WARN_OBJC_IMPLICIT_RETAIN_SELF = YES;
				CLANG_WARN_OBJC_LITERAL_CONVERSION = YES;
				CLANG_WARN_OBJC_ROOT_CLASS = YES_ERROR;
				CLANG_WARN_QUOTED_INCLUDE_IN_FRAMEWORK_HEADER = YES;
				CLANG_WARN_RANGE_LOOP_ANALYSIS = YES;
				CLANG_WARN_STRICT_PROTOTYPES = YES;
				CLANG_WARN_SUSPICIOUS_MOVE = YES;
				CLANG_WARN_UNGUARDED_AVAILABILITY = YES_AGGRESSIVE;
				CLANG_WARN_UNREACHABLE_CODE = YES;
				CLANG_WARN__DUPLICATE_METHOD_MATCH = YES;
				COPY_PHASE_STRIP = NO;
				DEBUG_INFORMATION_FORMAT = dwarf;
				ENABLE_STRICT_OBJC_MSGSEND = YES;
				ENABLE_TESTABILITY = YES;
				GCC_C_LANGUAGE_STANDARD = gnu11;
				GCC_DYNAMIC_NO_PIC = NO;
				GCC_NO_COMMON_BLOCKS = YES;
				GCC_OPTIMIZATION_LEVEL = 0;
				GCC_PREPROCESSOR_DEFINITIONS = (
					"DEBUG=1",
					"$(inherited)",
				);
				GCC_WARN_64_TO_32_BIT_CONVERSION = YES;
				GCC_WARN_ABOUT_RETURN_TYPE = YES_ERROR;
				GCC_WARN_UNDECLARED_SELECTOR = YES;
				GCC_WARN_UNINITIALIZED_AUTOS = YES_AGGRESSIVE;
				GCC_WARN_UNUSED_FUNCTION = YES;
				GCC_WARN_UNUSED_VARIABLE = YES;
				IPHONEOS_DEPLOYMENT_TARGET = 16.0;
				MTL_ENABLE_DEBUG_INFO = INCLUDE_SOURCE;
				MTL_FAST_MATH = YES;
				ONLY_ACTIVE_ARCH = YES;
				SDKROOT = iphoneos;
				SWIFT_ACTIVE_COMPILATION_CONDITIONS = DEBUG;
				SWIFT_OPTIMIZATION_LEVEL = "-Onone";
			};
			name = Debug;
		};
		91E577DE296C9AB300CB4B2F /* Release */ = {
			isa = XCBuildConfiguration;
			buildSettings = {
				ALWAYS_SEARCH_USER_PATHS = NO;
				CLANG_ANALYZER_NONNULL = YES;
				CLANG_ANALYZER_NUMBER_OBJECT_CONVERSION = YES_AGGRESSIVE;
				CLANG_CXX_LANGUAGE_STANDARD = "gnu++20";
				CLANG_ENABLE_MODULES = YES;
				CLANG_ENABLE_OBJC_ARC = YES;
				CLANG_ENABLE_OBJC_WEAK = YES;
				CLANG_WARN_BLOCK_CAPTURE_AUTORELEASING = YES;
				CLANG_WARN_BOOL_CONVERSION = YES;
				CLANG_WARN_COMMA = YES;
				CLANG_WARN_CONSTANT_CONVERSION = YES;
				CLANG_WARN_DEPRECATED_OBJC_IMPLEMENTATIONS = YES;
				CLANG_WARN_DIRECT_OBJC_ISA_USAGE = YES_ERROR;
				CLANG_WARN_DOCUMENTATION_COMMENTS = YES;
				CLANG_WARN_EMPTY_BODY = YES;
				CLANG_WARN_ENUM_CONVERSION = YES;
				CLANG_WARN_INFINITE_RECURSION = YES;
				CLANG_WARN_INT_CONVERSION = YES;
				CLANG_WARN_NON_LITERAL_NULL_CONVERSION = YES;
				CLANG_WARN_OBJC_IMPLICIT_RETAIN_SELF = YES;
				CLANG_WARN_OBJC_LITERAL_CONVERSION = YES;
				CLANG_WARN_OBJC_ROOT_CLASS = YES_ERROR;
				CLANG_WARN_QUOTED_INCLUDE_IN_FRAMEWORK_HEADER = YES;
				CLANG_WARN_RANGE_LOOP_ANALYSIS = YES;
				CLANG_WARN_STRICT_PROTOTYPES = YES;
				CLANG_WARN_SUSPICIOUS_MOVE = YES;
				CLANG_WARN_UNGUARDED_AVAILABILITY = YES_AGGRESSIVE;
				CLANG_WARN_UNREACHABLE_CODE = YES;
				CLANG_WARN__DUPLICATE_METHOD_MATCH = YES;
				COPY_PHASE_STRIP = NO;
				DEBUG_INFORMATION_FORMAT = "dwarf-with-dsym";
				ENABLE_NS_ASSERTIONS = NO;
				ENABLE_STRICT_OBJC_MSGSEND = YES;
				GCC_C_LANGUAGE_STANDARD = gnu11;
				GCC_NO_COMMON_BLOCKS = YES;
				GCC_WARN_64_TO_32_BIT_CONVERSION = YES;
				GCC_WARN_ABOUT_RETURN_TYPE = YES_ERROR;
				GCC_WARN_UNDECLARED_SELECTOR = YES;
				GCC_WARN_UNINITIALIZED_AUTOS = YES_AGGRESSIVE;
				GCC_WARN_UNUSED_FUNCTION = YES;
				GCC_WARN_UNUSED_VARIABLE = YES;
				IPHONEOS_DEPLOYMENT_TARGET = 16.0;
				MTL_ENABLE_DEBUG_INFO = NO;
				MTL_FAST_MATH = YES;
				SDKROOT = iphoneos;
				SWIFT_COMPILATION_MODE = wholemodule;
				SWIFT_OPTIMIZATION_LEVEL = "-O";
				VALIDATE_PRODUCT = YES;
			};
			name = Release;
		};
		91E577E0296C9AB300CB4B2F /* Debug */ = {
			isa = XCBuildConfiguration;
			buildSettings = {
				ASSETCATALOG_COMPILER_APPICON_NAME = AppIcon;
				ASSETCATALOG_COMPILER_GLOBAL_ACCENT_COLOR_NAME = AccentColor;
				CODE_SIGN_STYLE = Automatic;
				CURRENT_PROJECT_VERSION = 1;
				DEVELOPMENT_ASSET_PATHS = "\"AppleMusic_SwiftUI/Preview Content\"";
				DEVELOPMENT_TEAM = 66ZXKDA6XW;
				ENABLE_PREVIEWS = YES;
				GENERATE_INFOPLIST_FILE = YES;
				INFOPLIST_KEY_UIApplicationSceneManifest_Generation = YES;
				INFOPLIST_KEY_UIApplicationSupportsIndirectInputEvents = YES;
				INFOPLIST_KEY_UILaunchScreen_Generation = YES;
				INFOPLIST_KEY_UISupportedInterfaceOrientations_iPad = "UIInterfaceOrientationPortrait UIInterfaceOrientationPortraitUpsideDown UIInterfaceOrientationLandscapeLeft UIInterfaceOrientationLandscapeRight";
				INFOPLIST_KEY_UISupportedInterfaceOrientations_iPhone = "UIInterfaceOrientationPortrait UIInterfaceOrientationLandscapeLeft UIInterfaceOrientationLandscapeRight";
				LD_RUNPATH_SEARCH_PATHS = (
					"$(inherited)",
					"@executable_path/Frameworks",
				);
				MARKETING_VERSION = 1.0;
				PRODUCT_BUNDLE_IDENTIFIER = "LA.my.AppleMusic-SwiftUI";
				PRODUCT_NAME = "$(TARGET_NAME)";
				SWIFT_EMIT_LOC_STRINGS = YES;
				SWIFT_VERSION = 5.0;
				TARGETED_DEVICE_FAMILY = "1,2";
			};
			name = Debug;
		};
		91E577E1296C9AB300CB4B2F /* Release */ = {
			isa = XCBuildConfiguration;
			buildSettings = {
				ASSETCATALOG_COMPILER_APPICON_NAME = AppIcon;
				ASSETCATALOG_COMPILER_GLOBAL_ACCENT_COLOR_NAME = AccentColor;
				CODE_SIGN_STYLE = Automatic;
				CURRENT_PROJECT_VERSION = 1;
				DEVELOPMENT_ASSET_PATHS = "\"AppleMusic_SwiftUI/Preview Content\"";
				DEVELOPMENT_TEAM = 66ZXKDA6XW;
				ENABLE_PREVIEWS = YES;
				GENERATE_INFOPLIST_FILE = YES;
				INFOPLIST_KEY_UIApplicationSceneManifest_Generation = YES;
				INFOPLIST_KEY_UIApplicationSupportsIndirectInputEvents = YES;
				INFOPLIST_KEY_UILaunchScreen_Generation = YES;
				INFOPLIST_KEY_UISupportedInterfaceOrientations_iPad = "UIInterfaceOrientationPortrait UIInterfaceOrientationPortraitUpsideDown UIInterfaceOrientationLandscapeLeft UIInterfaceOrientationLandscapeRight";
				INFOPLIST_KEY_UISupportedInterfaceOrientations_iPhone = "UIInterfaceOrientationPortrait UIInterfaceOrientationLandscapeLeft UIInterfaceOrientationLandscapeRight";
				LD_RUNPATH_SEARCH_PATHS = (
					"$(inherited)",
					"@executable_path/Frameworks",
				);
				MARKETING_VERSION = 1.0;
				PRODUCT_BUNDLE_IDENTIFIER = "LA.my.AppleMusic-SwiftUI";
				PRODUCT_NAME = "$(TARGET_NAME)";
				SWIFT_EMIT_LOC_STRINGS = YES;
				SWIFT_VERSION = 5.0;
				TARGETED_DEVICE_FAMILY = "1,2";
			};
			name = Release;
		};
/* End XCBuildConfiguration section */

/* Begin XCConfigurationList section */
		91E577CC296C9A7200CB4B2F /* Build configuration list for PBXProject "AppleMusic_SwiftUI" */ = {
			isa = XCConfigurationList;
			buildConfigurations = (
				91E577DD296C9AB300CB4B2F /* Debug */,
				91E577DE296C9AB300CB4B2F /* Release */,
			);
			defaultConfigurationIsVisible = 0;
			defaultConfigurationName = Release;
		};
		91E577DF296C9AB300CB4B2F /* Build configuration list for PBXNativeTarget "AppleMusic_SwiftUI" */ = {
			isa = XCConfigurationList;
			buildConfigurations = (
				91E577E0296C9AB300CB4B2F /* Debug */,
				91E577E1296C9AB300CB4B2F /* Release */,
			);
			defaultConfigurationIsVisible = 0;
			defaultConfigurationName = Release;
		};
/* End XCConfigurationList section */
	};
	rootObject = 91E577C9296C9A7200CB4B2F /* Project object */;
}
