// !$*UTF8*$!
{
	archiveVersion = 1;
	classes = {
	};
	objectVersion = 56;
	objects = {

/* Begin PBXBuildFile section */
		91E577D5296C9A7300CB4B2F /* AppleMusic_SwiftUIApp.swift in Sources */ = {isa = PBXBuildFile; fileRef = 91E577D4296C9A7300CB4B2F /* AppleMusic_SwiftUIApp.swift */; };
		91E577D7296C9A7300CB4B2F /* ContentView.swift in Sources */ = {isa = PBXBuildFile; fileRef = 91E577D6296C9A7300CB4B2F /* ContentView.swift */; };
		91E577D9296C9AB200CB4B2F /* Assets.xcassets in Resources */ = {isa = PBXBuildFile; fileRef = 91E577D8296C9AB200CB4B2F /* Assets.xcassets */; };
		91E577DC296C9AB300CB4B2F /* Preview Assets.xcassets in Resources */ = {isa = PBXBuildFile; fileRef = 91E577DB296C9AB300CB4B2F /* Preview Assets.xcassets */; };
		91E577E7296F09D900CB4B2F /* TabBar.swift in Sources */ = {isa = PBXBuildFile; fileRef = 91E577E6296F09D800CB4B2F /* TabBar.swift */; };
		91E577E9296F0E7200CB4B2F /* LibraryView.swift in Sources */ = {isa = PBXBuildFile; fileRef = 91E577E8296F0E7200CB4B2F /* LibraryView.swift */; };
		91E577EB296F10BC00CB4B2F /* CurrentTrackView.swift in Sources */ = {isa = PBXBuildFile; fileRef = 91E577EA296F10BC00CB4B2F /* CurrentTrackView.swift */; };
		91E577ED296F190100CB4B2F /* CheckListView.swift in Sources */ = {isa = PBXBuildFile; fileRef = 91E577EC296F190100CB4B2F /* CheckListView.swift */; };
		91E577EF296F3B4900CB4B2F /* SettingsModel.swift in Sources */ = {isa = PBXBuildFile; fileRef = 91E577EE296F3B4800CB4B2F /* SettingsModel.swift */; };
		91E577F3296F4BC900CB4B2F /* CheckListitemView.swift in Sources */ = {isa = PBXBuildFile; fileRef = 91E577F2296F4BC900CB4B2F /* CheckListitemView.swift */; };
		91E577F5296F502600CB4B2F /* LibraryViewLabel.swift in Sources */ = {isa = PBXBuildFile; fileRef = 91E577F4296F502500CB4B2F /* LibraryViewLabel.swift */; };
/* End PBXBuildFile section */

/* Begin PBXFileReference section */
		91E577D1296C9A7300CB4B2F /* AppleMusic_SwiftUI.app */ = {isa = PBXFileReference; explicitFileType = wrapper.application; includeInIndex = 0; path = AppleMusic_SwiftUI.app; sourceTree = BUILT_PRODUCTS_DIR; };
		91E577D4296C9A7300CB4B2F /* AppleMusic_SwiftUIApp.swift */ = {isa = PBXFileReference; lastKnownFileType = sourcecode.swift; path = AppleMusic_SwiftUIApp.swift; sourceTree = "<group>"; };
		91E577D6296C9A7300CB4B2F /* ContentView.swift */ = {isa = PBXFileReference; lastKnownFileType = sourcecode.swift; path = ContentView.swift; sourceTree = "<group>"; };
		91E577D8296C9AB200CB4B2F /* Assets.xcassets */ = {isa = PBXFileReference; lastKnownFileType = folder.assetcatalog; path = Assets.xcassets; sourceTree = "<group>"; };
		91E577DB296C9AB300CB4B2F /* Preview Assets.xcassets */ = {isa = PBXFileReference; lastKnownFileType = folder.assetcatalog; path = "Preview Assets.xcassets"; sourceTree = "<group>"; };
		91E577E6296F09D800CB4B2F /* TabBar.swift */ = {isa = PBXFileReference; lastKnownFileType = sourcecode.swift; path = TabBar.swift; sourceTree = "<group>"; };
		91E577E8296F0E7200CB4B2F /* LibraryView.swift */ = {isa = PBXFileReference; lastKnownFileType = sourcecode.swift; path = LibraryView.swift; sourceTree = "<group>"; };
		91E577EA296F10BC00CB4B2F /* CurrentTrackView.swift */ = {isa = PBXFileReference; lastKnownFileType = sourcecode.swift; path = CurrentTrackView.swift; sourceTree = "<group>"; };
		91E577EC296F190100CB4B2F /* CheckListView.swift */ = {isa = PBXFileReference; lastKnownFileType = sourcecode.swift; path = CheckListView.swift; sourceTree = "<group>"; };
		91E577EE296F3B4800CB4B2F /* SettingsModel.swift */ = {isa = PBXFileReference; lastKnownFileType = sourcecode.swift; path = SettingsModel.swift; sourceTree = "<group>"; };
		91E577F2296F4BC900CB4B2F /* CheckListitemView.swift */ = {isa = PBXFileReference; lastKnownFileType = sourcecode.swift; path = CheckListitemView.swift; sourceTree = "<group>"; };
		91E577F4296F502500CB4B2F /* LibraryViewLabel.swift */ = {isa = PBXFileReference; lastKnownFileType = sourcecode.swift; path = LibraryViewLabel.swift; sourceTree = "<group>"; };
/* End PBXFileReference section */

/* Begin PBXFrameworksBuildPhase section */
		91E577CE296C9A7300CB4B2F /* Frameworks */ = {
			isa = PBXFrameworksBuildPhase;
			buildActionMask = 2147483647;
			files = (
			);
			runOnlyForDeploymentPostprocessing = 0;
		};
/* End PBXFrameworksBuildPhase section */

/* Begin PBXGroup section */
		91E577C8296C9A7200CB4B2F = {
			isa = PBXGroup;
			children = (
				91E577D3296C9A7300CB4B2F /* AppleMusic_SwiftUI */,
				91E577D2296C9A7300CB4B2F /* Products */,
			);
			sourceTree = "<group>";
		};
		91E577D2296C9A7300CB4B2F /* Products */ = {
			isa = PBXGroup;
			children = (
				91E577D1296C9A7300CB4B2F /* AppleMusic_SwiftUI.app */,
			);
			name = Products;
			sourceTree = "<group>";
		};
		91E577D3296C9A7300CB4B2F /* AppleMusic_SwiftUI */ = {
			isa = PBXGroup;
			children = (
				91E577F1296F43A700CB4B2F /* TabBar */,
				91E577E2296EF41D00CB4B2F /* App */,
				91E577E3296EF43D00CB4B2F /* View */,
				91E577D8296C9AB200CB4B2F /* Assets.xcassets */,
				91E577DA296C9AB300CB4B2F /* Preview Content */,
			);
			path = AppleMusic_SwiftUI;
			sourceTree = "<group>";
		};
		91E577DA296C9AB300CB4B2F /* Preview Content */ = {
			isa = PBXGroup;
			children = (
				91E577DB296C9AB300CB4B2F /* Preview Assets.xcassets */,
			);
			path = "Preview Content";
			sourceTree = "<group>";
		};
		91E577E2296EF41D00CB4B2F /* App */ = {
			isa = PBXGroup;
			children = (
				91E577D4296C9A7300CB4B2F /* AppleMusic_SwiftUIApp.swift */,
			);
			path = App;
			sourceTree = "<group>";
		};
		91E577E3296EF43D00CB4B2F /* View */ = {
			isa = PBXGroup;
			children = (
				91E577D6296C9A7300CB4B2F /* ContentView.swift */,
				91E577EA296F10BC00CB4B2F /* CurrentTrackView.swift */,
				91E577E5296EF44A00CB4B2F /* Models */,
				91E577E4296EF44500CB4B2F /* Modules */,
			);
			path = View;
			sourceTree = "<group>";
		};
		91E577E4296EF44500CB4B2F /* Modules */ = {
			isa = PBXGroup;
			children = (
				91E577F0296F436C00CB4B2F /* Library */,
			);
			path = Modules;
			sourceTree = "<group>";
		};
		91E577E5296EF44A00CB4B2F /* Models */ = {
			isa = PBXGroup;
			children = (
				91E577EE296F3B4800CB4B2F /* SettingsModel.swift */,
			);
			path = Models;
			sourceTree = "<group>";
		};
		91E577F0296F436C00CB4B2F /* Library */ = {
			isa = PBXGroup;
			children = (
				91E577F2296F4BC900CB4B2F /* CheckListitemView.swift */,
				91E577EC296F190100CB4B2F /* CheckListView.swift */,
				91E577E8296F0E7200CB4B2F /* LibraryView.swift */,
				91E577F4296F502500CB4B2F /* LibraryViewLabel.swift */,
			);
			path = Library;
			sourceTree = "<group>";
		};
		91E577F1296F43A700CB4B2F /* TabBar */ = {
			isa = PBXGroup;
			children = (
				91E577E6296F09D800CB4B2F /* TabBar.swift */,
			);
			path = TabBar;
			sourceTree = "<group>";
		};
/* End PBXGroup section */

/* Begin PBXNativeTarget section */
		91E577D0296C9A7300CB4B2F /* AppleMusic_SwiftUI */ = {
			isa = PBXNativeTarget;
			buildConfigurationList = 91E577DF296C9AB300CB4B2F /* Build configuration list for PBXNativeTarget "AppleMusic_SwiftUI" */;
			buildPhases = (
				91E577CD296C9A7300CB4B2F /* Sources */,
				91E577CE296C9A7300CB4B2F /* Frameworks */,
				91E577CF296C9A7300CB4B2F /* Resources */,
			);
			buildRules = (
			);
			dependencies = (
			);
			name = AppleMusic_SwiftUI;
			productName = AppleMusic_SwiftUI;
			productReference = 91E577D1296C9A7300CB4B2F /* AppleMusic_SwiftUI.app */;
			productType = "com.apple.product-type.application";
		};
/* End PBXNativeTarget section */

/* Begin PBXProject section */
		91E577C9296C9A7200CB4B2F /* Project object */ = {
			isa = PBXProject;
			attributes = {
				BuildIndependentTargetsInParallel = 1;
				LastSwiftUpdateCheck = 1410;
				LastUpgradeCheck = 1410;
				TargetAttributes = {
					91E577D0296C9A7300CB4B2F = {
						CreatedOnToolsVersion = 14.1;
					};
				};
			};
			buildConfigurationList = 91E577CC296C9A7200CB4B2F /* Build configuration list for PBXProject "AppleMusic_SwiftUI" */;
			compatibilityVersion = "Xcode 14.0";
			developmentRegion = en;
			hasScannedForEncodings = 0;
			knownRegions = (
				en,
				Base,
			);
			mainGroup = 91E577C8296C9A7200CB4B2F;
			productRefGroup = 91E577D2296C9A7300CB4B2F /* Products */;
			projectDirPath = "";
			projectRoot = "";
			targets = (
				91E577D0296C9A7300CB4B2F /* AppleMusic_SwiftUI */,
			);
		};
/* End PBXProject section */

/* Begin PBXResourcesBuildPhase section */
		91E577CF296C9A7300CB4B2F /* Resources */ = {
			isa = PBXResourcesBuildPhase;
			buildActionMask = 2147483647;
			files = (
				91E577DC296C9AB300CB4B2F /* Preview Assets.xcassets in Resources */,
				91E577D9296C9AB200CB4B2F /* Assets.xcassets in Resources */,
			);
			runOnlyForDeploymentPostprocessing = 0;
		};
/* End PBXResourcesBuildPhase section */

/* Begin PBXSourcesBuildPhase section */
		91E577CD296C9A7300CB4B2F /* Sources */ = {
			isa = PBXSourcesBuildPhase;
			buildActionMask = 2147483647;
			files = (
				91E577F5296F502600CB4B2F /* LibraryViewLabel.swift in Sources */,
				91E577EB296F10BC00CB4B2F /* CurrentTrackView.swift in Sources */,
				91E577E9296F0E7200CB4B2F /* LibraryView.swift in Sources */,
				91E577D7296C9A7300CB4B2F /* ContentView.swift in Sources */,
				91E577E7296F09D900CB4B2F /* TabBar.swift in Sources */,
				91E577D5296C9A7300CB4B2F /* AppleMusic_SwiftUIApp.swift in Sources */,
				91E577EF296F3B4900CB4B2F /* SettingsModel.swift in Sources */,
				91E577F3296F4BC900CB4B2F /* CheckListitemView.swift in Sources */,
				91E577ED296F190100CB4B2F /* CheckListView.swift in Sources */,
			);
			runOnlyForDeploymentPostprocessing = 0;
		};
/* End PBXSourcesBuildPhase section */

/* Begin XCBuildConfiguration section */
		91E577DD296C9AB300CB4B2F /* Debug */ = {
			isa = XCBuildConfiguration;
			buildSettings = {
				ALWAYS_SEARCH_USER_PATHS = NO;
				CLANG_ANALYZER_NONNULL = YES;
				CLANG_ANALYZER_NUMBER_OBJECT_CONVERSION = YES_AGGRESSIVE;
				CLANG_CXX_LANGUAGE_STANDARD = "gnu++20";
				CLANG_ENABLE_MODULES = YES;
				CLANG_ENABLE_OBJC_ARC = YES;
				CLANG_ENABLE_OBJC_WEAK = YES;
				CLANG_WARN_BLOCK_CAPTURE_AUTORELEASING = YES;
				CLANG_WARN_BOOL_CONVERSION = YES;
				CLANG_WARN_COMMA = YES;
				CLANG_WARN_CONSTANT_CONVERSION = YES;
				CLANG_WARN_DEPRECATED_OBJC_IMPLEMENTATIONS = YES;
				CLANG_WARN_DIRECT_OBJC_ISA_USAGE = YES_ERROR;
				CLANG_WARN_DOCUMENTATION_COMMENTS = YES;
				CLANG_WARN_EMPTY_BODY = YES;
				CLANG_WARN_ENUM_CONVERSION = YES;
				CLANG_WARN_INFINITE_RECURSION = YES;
				CLANG_WARN_INT_CONVERSION = YES;
				CLANG_WARN_NON_LITERAL_NULL_CONVERSION = YES;
				CLANG_WARN_OBJC_IMPLICIT_RETAIN_SELF = YES;
				CLANG_WARN_OBJC_LITERAL_CONVERSION = YES;
				CLANG_WARN_OBJC_ROOT_CLASS = YES_ERROR;
				CLANG_WARN_QUOTED_INCLUDE_IN_FRAMEWORK_HEADER = YES;
				CLANG_WARN_RANGE_LOOP_ANALYSIS = YES;
				CLANG_WARN_STRICT_PROTOTYPES = YES;
				CLANG_WARN_SUSPICIOUS_MOVE = YES;
				CLANG_WARN_UNGUARDED_AVAILABILITY = YES_AGGRESSIVE;
				CLANG_WARN_UNREACHABLE_CODE = YES;
				CLANG_WARN__DUPLICATE_METHOD_MATCH = YES;
				COPY_PHASE_STRIP = NO;
				DEBUG_INFORMATION_FORMAT = dwarf;
				ENABLE_STRICT_OBJC_MSGSEND = YES;
				ENABLE_TESTABILITY = YES;
				GCC_C_LANGUAGE_STANDARD = gnu11;
				GCC_DYNAMIC_NO_PIC = NO;
				GCC_NO_COMMON_BLOCKS = YES;
				GCC_OPTIMIZATION_LEVEL = 0;
				GCC_PREPROCESSOR_DEFINITIONS = (
					"DEBUG=1",
					"$(inherited)",
				);
				GCC_WARN_64_TO_32_BIT_CONVERSION = YES;
				GCC_WARN_ABOUT_RETURN_TYPE = YES_ERROR;
				GCC_WARN_UNDECLARED_SELECTOR = YES;
				GCC_WARN_UNINITIALIZED_AUTOS = YES_AGGRESSIVE;
				GCC_WARN_UNUSED_FUNCTION = YES;
				GCC_WARN_UNUSED_VARIABLE = YES;
				IPHONEOS_DEPLOYMENT_TARGET = 16.1;
				MTL_ENABLE_DEBUG_INFO = INCLUDE_SOURCE;
				MTL_FAST_MATH = YES;
				ONLY_ACTIVE_ARCH = YES;
				SDKROOT = iphoneos;
				SWIFT_ACTIVE_COMPILATION_CONDITIONS = DEBUG;
				SWIFT_OPTIMIZATION_LEVEL = "-Onone";
			};
			name = Debug;
		};
		91E577DE296C9AB300CB4B2F /* Release */ = {
			isa = XCBuildConfiguration;
			buildSettings = {
				ALWAYS_SEARCH_USER_PATHS = NO;
				CLANG_ANALYZER_NONNULL = YES;
				CLANG_ANALYZER_NUMBER_OBJECT_CONVERSION = YES_AGGRESSIVE;
				CLANG_CXX_LANGUAGE_STANDARD = "gnu++20";
				CLANG_ENABLE_MODULES = YES;
				CLANG_ENABLE_OBJC_ARC = YES;
				CLANG_ENABLE_OBJC_WEAK = YES;
				CLANG_WARN_BLOCK_CAPTURE_AUTORELEASING = YES;
				CLANG_WARN_BOOL_CONVERSION = YES;
				CLANG_WARN_COMMA = YES;
				CLANG_WARN_CONSTANT_CONVERSION = YES;
				CLANG_WARN_DEPRECATED_OBJC_IMPLEMENTATIONS = YES;
				CLANG_WARN_DIRECT_OBJC_ISA_USAGE = YES_ERROR;
				CLANG_WARN_DOCUMENTATION_COMMENTS = YES;
				CLANG_WARN_EMPTY_BODY = YES;
				CLANG_WARN_ENUM_CONVERSION = YES;
				CLANG_WARN_INFINITE_RECURSION = YES;
				CLANG_WARN_INT_CONVERSION = YES;
				CLANG_WARN_NON_LITERAL_NULL_CONVERSION = YES;
				CLANG_WARN_OBJC_IMPLICIT_RETAIN_SELF = YES;
				CLANG_WARN_OBJC_LITERAL_CONVERSION = YES;
				CLANG_WARN_OBJC_ROOT_CLASS = YES_ERROR;
				CLANG_WARN_QUOTED_INCLUDE_IN_FRAMEWORK_HEADER = YES;
				CLANG_WARN_RANGE_LOOP_ANALYSIS = YES;
				CLANG_WARN_STRICT_PROTOTYPES = YES;
				CLANG_WARN_SUSPICIOUS_MOVE = YES;
				CLANG_WARN_UNGUARDED_AVAILABILITY = YES_AGGRESSIVE;
				CLANG_WARN_UNREACHABLE_CODE = YES;
				CLANG_WARN__DUPLICATE_METHOD_MATCH = YES;
				COPY_PHASE_STRIP = NO;
				DEBUG_INFORMATION_FORMAT = "dwarf-with-dsym";
				ENABLE_NS_ASSERTIONS = NO;
				ENABLE_STRICT_OBJC_MSGSEND = YES;
				GCC_C_LANGUAGE_STANDARD = gnu11;
				GCC_NO_COMMON_BLOCKS = YES;
				GCC_WARN_64_TO_32_BIT_CONVERSION = YES;
				GCC_WARN_ABOUT_RETURN_TYPE = YES_ERROR;
				GCC_WARN_UNDECLARED_SELECTOR = YES;
				GCC_WARN_UNINITIALIZED_AUTOS = YES_AGGRESSIVE;
				GCC_WARN_UNUSED_FUNCTION = YES;
				GCC_WARN_UNUSED_VARIABLE = YES;
				IPHONEOS_DEPLOYMENT_TARGET = 16.1;
				MTL_ENABLE_DEBUG_INFO = NO;
				MTL_FAST_MATH = YES;
				SDKROOT = iphoneos;
				SWIFT_COMPILATION_MODE = wholemodule;
				SWIFT_OPTIMIZATION_LEVEL = "-O";
				VALIDATE_PRODUCT = YES;
			};
			name = Release;
		};
		91E577E0296C9AB300CB4B2F /* Debug */ = {
			isa = XCBuildConfiguration;
			buildSettings = {
				ASSETCATALOG_COMPILER_APPICON_NAME = AppIcon;
				ASSETCATALOG_COMPILER_GLOBAL_ACCENT_COLOR_NAME = AccentColor;
				CODE_SIGN_STYLE = Automatic;
				CURRENT_PROJECT_VERSION = 1;
				DEVELOPMENT_ASSET_PATHS = "\"AppleMusic_SwiftUI/Preview Content\"";
				DEVELOPMENT_TEAM = 66ZXKDA6XW;
				ENABLE_PREVIEWS = YES;
				GENERATE_INFOPLIST_FILE = YES;
				INFOPLIST_KEY_UIApplicationSceneManifest_Generation = YES;
				INFOPLIST_KEY_UIApplicationSupportsIndirectInputEvents = YES;
				INFOPLIST_KEY_UILaunchScreen_Generation = YES;
				INFOPLIST_KEY_UISupportedInterfaceOrientations_iPad = "UIInterfaceOrientationPortrait UIInterfaceOrientationPortraitUpsideDown UIInterfaceOrientationLandscapeLeft UIInterfaceOrientationLandscapeRight";
				INFOPLIST_KEY_UISupportedInterfaceOrientations_iPhone = "UIInterfaceOrientationPortrait UIInterfaceOrientationLandscapeLeft UIInterfaceOrientationLandscapeRight";
				LD_RUNPATH_SEARCH_PATHS = (
					"$(inherited)",
					"@executable_path/Frameworks",
				);
				MARKETING_VERSION = 1.0;
				PRODUCT_BUNDLE_IDENTIFIER = "LA.my.AppleMusic-SwiftUI";
				PRODUCT_NAME = "$(TARGET_NAME)";
				SWIFT_EMIT_LOC_STRINGS = YES;
				SWIFT_VERSION = 5.0;
				TARGETED_DEVICE_FAMILY = "1,2";
			};
			name = Debug;
		};
		91E577E1296C9AB300CB4B2F /* Release */ = {
			isa = XCBuildConfiguration;
			buildSettings = {
				ASSETCATALOG_COMPILER_APPICON_NAME = AppIcon;
				ASSETCATALOG_COMPILER_GLOBAL_ACCENT_COLOR_NAME = AccentColor;
				CODE_SIGN_STYLE = Automatic;
				CURRENT_PROJECT_VERSION = 1;
				DEVELOPMENT_ASSET_PATHS = "\"AppleMusic_SwiftUI/Preview Content\"";
				DEVELOPMENT_TEAM = 66ZXKDA6XW;
				ENABLE_PREVIEWS = YES;
				GENERATE_INFOPLIST_FILE = YES;
				INFOPLIST_KEY_UIApplicationSceneManifest_Generation = YES;
				INFOPLIST_KEY_UIApplicationSupportsIndirectInputEvents = YES;
				INFOPLIST_KEY_UILaunchScreen_Generation = YES;
				INFOPLIST_KEY_UISupportedInterfaceOrientations_iPad = "UIInterfaceOrientationPortrait UIInterfaceOrientationPortraitUpsideDown UIInterfaceOrientationLandscapeLeft UIInterfaceOrientationLandscapeRight";
				INFOPLIST_KEY_UISupportedInterfaceOrientations_iPhone = "UIInterfaceOrientationPortrait UIInterfaceOrientationLandscapeLeft UIInterfaceOrientationLandscapeRight";
				LD_RUNPATH_SEARCH_PATHS = (
					"$(inherited)",
					"@executable_path/Frameworks",
				);
				MARKETING_VERSION = 1.0;
				PRODUCT_BUNDLE_IDENTIFIER = "LA.my.AppleMusic-SwiftUI";
				PRODUCT_NAME = "$(TARGET_NAME)";
				SWIFT_EMIT_LOC_STRINGS = YES;
				SWIFT_VERSION = 5.0;
				TARGETED_DEVICE_FAMILY = "1,2";
			};
			name = Release;
		};
/* End XCBuildConfiguration section */

/* Begin XCConfigurationList section */
		91E577CC296C9A7200CB4B2F /* Build configuration list for PBXProject "AppleMusic_SwiftUI" */ = {
			isa = XCConfigurationList;
			buildConfigurations = (
				91E577DD296C9AB300CB4B2F /* Debug */,
				91E577DE296C9AB300CB4B2F /* Release */,
			);
			defaultConfigurationIsVisible = 0;
			defaultConfigurationName = Release;
		};
		91E577DF296C9AB300CB4B2F /* Build configuration list for PBXNativeTarget "AppleMusic_SwiftUI" */ = {
			isa = XCConfigurationList;
			buildConfigurations = (
				91E577E0296C9AB300CB4B2F /* Debug */,
				91E577E1296C9AB300CB4B2F /* Release */,
			);
			defaultConfigurationIsVisible = 0;
			defaultConfigurationName = Release;
		};
/* End XCConfigurationList section */
	};
	rootObject = 91E577C9296C9A7200CB4B2F /* Project object */;
}
